// !$*UTF8*$!
{
	archiveVersion = 1;
	classes = {
	};
	objectVersion = 46;
	objects = {

/* Begin PBXBuildFile section */
		245CD7921324F2CD0018DE39 /* UIKit.framework in Frameworks */ = {isa = PBXBuildFile; fileRef = 245CD7911324F2CD0018DE39 /* UIKit.framework */; };
		245CD7941324F2CD0018DE39 /* Foundation.framework in Frameworks */ = {isa = PBXBuildFile; fileRef = 245CD7931324F2CD0018DE39 /* Foundation.framework */; };
		245CD7961324F2CD0018DE39 /* CoreGraphics.framework in Frameworks */ = {isa = PBXBuildFile; fileRef = 245CD7951324F2CD0018DE39 /* CoreGraphics.framework */; };
		245CD79C1324F2CD0018DE39 /* InfoPlist.strings in Resources */ = {isa = PBXBuildFile; fileRef = 245CD79A1324F2CD0018DE39 /* InfoPlist.strings */; };
		245CD79F1324F2CD0018DE39 /* main.m in Sources */ = {isa = PBXBuildFile; fileRef = 245CD79E1324F2CD0018DE39 /* main.m */; };
		245CD7A21324F2CD0018DE39 /* DCTGravatarAppDelegate.m in Sources */ = {isa = PBXBuildFile; fileRef = 245CD7A11324F2CD0018DE39 /* DCTGravatarAppDelegate.m */; };
		245CD7A51324F2CD0018DE39 /* MainWindow.xib in Resources */ = {isa = PBXBuildFile; fileRef = 245CD7A31324F2CD0018DE39 /* MainWindow.xib */; };
		245CD80C1324F7510018DE39 /* DCTBlock.m in Sources */ = {isa = PBXBuildFile; fileRef = 245CD7DD1324F7510018DE39 /* DCTBlock.m */; };
		245CD80D1324F7510018DE39 /* DCTObservationInfo.m in Sources */ = {isa = PBXBuildFile; fileRef = 245CD7DF1324F7510018DE39 /* DCTObservationInfo.m */; };
		245CD80E1324F7510018DE39 /* DCTQueue.m in Sources */ = {isa = PBXBuildFile; fileRef = 245CD7E11324F7510018DE39 /* DCTQueue.m */; };
		245CD80F1324F7510018DE39 /* DCTStack.m in Sources */ = {isa = PBXBuildFile; fileRef = 245CD7E31324F7510018DE39 /* DCTStack.m */; };
		245CD8101324F7510018DE39 /* NSArray+DCTExtras.m in Sources */ = {isa = PBXBuildFile; fileRef = 245CD7E51324F7510018DE39 /* NSArray+DCTExtras.m */; };
		245CD8111324F7510018DE39 /* NSDate+DCTDateComponents.m in Sources */ = {isa = PBXBuildFile; fileRef = 245CD7E71324F7510018DE39 /* NSDate+DCTDateComponents.m */; };
		245CD8121324F7510018DE39 /* NSDictionary+DCTExtras.m in Sources */ = {isa = PBXBuildFile; fileRef = 245CD7E91324F7510018DE39 /* NSDictionary+DCTExtras.m */; };
		245CD8131324F7510018DE39 /* NSError+DCTExtensions.m in Sources */ = {isa = PBXBuildFile; fileRef = 245CD7EB1324F7510018DE39 /* NSError+DCTExtensions.m */; };
		245CD8141324F7510018DE39 /* NSMutableArray+DCTExtras.m in Sources */ = {isa = PBXBuildFile; fileRef = 245CD7ED1324F7510018DE39 /* NSMutableArray+DCTExtras.m */; };
		245CD8151324F7510018DE39 /* NSMutableSet+DCTExtras.m in Sources */ = {isa = PBXBuildFile; fileRef = 245CD7EF1324F7510018DE39 /* NSMutableSet+DCTExtras.m */; };
		245CD8161324F7510018DE39 /* NSObject+DCTKVOExtras.m in Sources */ = {isa = PBXBuildFile; fileRef = 245CD7F11324F7510018DE39 /* NSObject+DCTKVOExtras.m */; };
		245CD8171324F7510018DE39 /* NSObject+DCTPerformSelector.m in Sources */ = {isa = PBXBuildFile; fileRef = 245CD7F31324F7510018DE39 /* NSObject+DCTPerformSelector.m */; };
		245CD8741324F7800018DE39 /* NSData+Base64.m in Sources */ = {isa = PBXBuildFile; fileRef = 245CD8431324F7800018DE39 /* NSData+Base64.m */; };
		245CD8751324F7800018DE39 /* NSString+DCTURLEncoding.m in Sources */ = {isa = PBXBuildFile; fileRef = 245CD8451324F7800018DE39 /* NSString+DCTURLEncoding.m */; };
		245CD8761324F7800018DE39 /* DCTRequestConnectionController.m in Sources */ = {isa = PBXBuildFile; fileRef = 245CD8481324F7800018DE39 /* DCTRequestConnectionController.m */; };
		245CD8771324F7800018DE39 /* DCTURLConnectionController.m in Sources */ = {isa = PBXBuildFile; fileRef = 245CD84A1324F7800018DE39 /* DCTURLConnectionController.m */; };
		245CD8781324F7800018DE39 /* DCTConnectionController+Equality.m in Sources */ = {isa = PBXBuildFile; fileRef = 245CD84C1324F7800018DE39 /* DCTConnectionController+Equality.m */; };
		245CD8791324F7800018DE39 /* DCTConnectionController.m in Sources */ = {isa = PBXBuildFile; fileRef = 245CD84E1324F7800018DE39 /* DCTConnectionController.m */; };
		245CD87A1324F7800018DE39 /* DCTConnectionQueue+Singleton.m in Sources */ = {isa = PBXBuildFile; fileRef = 245CD8501324F7800018DE39 /* DCTConnectionQueue+Singleton.m */; };
		245CD87B1324F7800018DE39 /* DCTConnectionQueue.m in Sources */ = {isa = PBXBuildFile; fileRef = 245CD8521324F7800018DE39 /* DCTConnectionQueue.m */; };
		245CD87C1324F7800018DE39 /* DCTRESTController.m in Sources */ = {isa = PBXBuildFile; fileRef = 245CD8551324F7800018DE39 /* DCTRESTController.m */; };
		245CD87D1324F7800018DE39 /* DCTURLConnection.m in Sources */ = {isa = PBXBuildFile; fileRef = 245CD8571324F7800018DE39 /* DCTURLConnection.m */; };
		245CD87E1324F7800018DE39 /* DCTConnectionQueue+UIKitAdditions.m in Sources */ = {isa = PBXBuildFile; fileRef = 245CD85A1324F7800018DE39 /* DCTConnectionQueue+UIKitAdditions.m */; };
/* End PBXBuildFile section */

/* Begin PBXFileReference section */
		245CD78D1324F2CD0018DE39 /* DCTGravatar.app */ = {isa = PBXFileReference; explicitFileType = wrapper.application; includeInIndex = 0; path = DCTGravatar.app; sourceTree = BUILT_PRODUCTS_DIR; };
		245CD7911324F2CD0018DE39 /* UIKit.framework */ = {isa = PBXFileReference; lastKnownFileType = wrapper.framework; name = UIKit.framework; path = System/Library/Frameworks/UIKit.framework; sourceTree = SDKROOT; };
		245CD7931324F2CD0018DE39 /* Foundation.framework */ = {isa = PBXFileReference; lastKnownFileType = wrapper.framework; name = Foundation.framework; path = System/Library/Frameworks/Foundation.framework; sourceTree = SDKROOT; };
		245CD7951324F2CD0018DE39 /* CoreGraphics.framework */ = {isa = PBXFileReference; lastKnownFileType = wrapper.framework; name = CoreGraphics.framework; path = System/Library/Frameworks/CoreGraphics.framework; sourceTree = SDKROOT; };
		245CD7991324F2CD0018DE39 /* DCTGravatar-Info.plist */ = {isa = PBXFileReference; lastKnownFileType = text.plist.xml; path = "DCTGravatar-Info.plist"; sourceTree = "<group>"; };
		245CD79B1324F2CD0018DE39 /* en */ = {isa = PBXFileReference; lastKnownFileType = text.plist.strings; name = en; path = en.lproj/InfoPlist.strings; sourceTree = "<group>"; };
		245CD79D1324F2CD0018DE39 /* DCTGravatar-Prefix.pch */ = {isa = PBXFileReference; lastKnownFileType = sourcecode.c.h; path = "DCTGravatar-Prefix.pch"; sourceTree = "<group>"; };
		245CD79E1324F2CD0018DE39 /* main.m */ = {isa = PBXFileReference; lastKnownFileType = sourcecode.c.objc; path = main.m; sourceTree = "<group>"; };
		245CD7A01324F2CD0018DE39 /* DCTGravatarAppDelegate.h */ = {isa = PBXFileReference; lastKnownFileType = sourcecode.c.h; path = DCTGravatarAppDelegate.h; sourceTree = "<group>"; };
		245CD7A11324F2CD0018DE39 /* DCTGravatarAppDelegate.m */ = {isa = PBXFileReference; lastKnownFileType = sourcecode.c.objc; path = DCTGravatarAppDelegate.m; sourceTree = "<group>"; };
		245CD7A41324F2CD0018DE39 /* en */ = {isa = PBXFileReference; lastKnownFileType = file.xib; name = en; path = en.lproj/MainWindow.xib; sourceTree = "<group>"; };
		245CD7DC1324F7510018DE39 /* DCTBlock.h */ = {isa = PBXFileReference; fileEncoding = 4; lastKnownFileType = sourcecode.c.h; path = DCTBlock.h; sourceTree = "<group>"; };
		245CD7DD1324F7510018DE39 /* DCTBlock.m */ = {isa = PBXFileReference; fileEncoding = 4; lastKnownFileType = sourcecode.c.objc; path = DCTBlock.m; sourceTree = "<group>"; };
		245CD7DE1324F7510018DE39 /* DCTObservationInfo.h */ = {isa = PBXFileReference; fileEncoding = 4; lastKnownFileType = sourcecode.c.h; path = DCTObservationInfo.h; sourceTree = "<group>"; };
		245CD7DF1324F7510018DE39 /* DCTObservationInfo.m */ = {isa = PBXFileReference; fileEncoding = 4; lastKnownFileType = sourcecode.c.objc; path = DCTObservationInfo.m; sourceTree = "<group>"; };
		245CD7E01324F7510018DE39 /* DCTQueue.h */ = {isa = PBXFileReference; fileEncoding = 4; lastKnownFileType = sourcecode.c.h; path = DCTQueue.h; sourceTree = "<group>"; };
		245CD7E11324F7510018DE39 /* DCTQueue.m */ = {isa = PBXFileReference; fileEncoding = 4; lastKnownFileType = sourcecode.c.objc; path = DCTQueue.m; sourceTree = "<group>"; };
		245CD7E21324F7510018DE39 /* DCTStack.h */ = {isa = PBXFileReference; fileEncoding = 4; lastKnownFileType = sourcecode.c.h; path = DCTStack.h; sourceTree = "<group>"; };
		245CD7E31324F7510018DE39 /* DCTStack.m */ = {isa = PBXFileReference; fileEncoding = 4; lastKnownFileType = sourcecode.c.objc; path = DCTStack.m; sourceTree = "<group>"; };
		245CD7E41324F7510018DE39 /* NSArray+DCTExtras.h */ = {isa = PBXFileReference; fileEncoding = 4; lastKnownFileType = sourcecode.c.h; path = "NSArray+DCTExtras.h"; sourceTree = "<group>"; };
		245CD7E51324F7510018DE39 /* NSArray+DCTExtras.m */ = {isa = PBXFileReference; fileEncoding = 4; lastKnownFileType = sourcecode.c.objc; path = "NSArray+DCTExtras.m"; sourceTree = "<group>"; };
		245CD7E61324F7510018DE39 /* NSDate+DCTDateComponents.h */ = {isa = PBXFileReference; fileEncoding = 4; lastKnownFileType = sourcecode.c.h; path = "NSDate+DCTDateComponents.h"; sourceTree = "<group>"; };
		245CD7E71324F7510018DE39 /* NSDate+DCTDateComponents.m */ = {isa = PBXFileReference; fileEncoding = 4; lastKnownFileType = sourcecode.c.objc; path = "NSDate+DCTDateComponents.m"; sourceTree = "<group>"; };
		245CD7E81324F7510018DE39 /* NSDictionary+DCTExtras.h */ = {isa = PBXFileReference; fileEncoding = 4; lastKnownFileType = sourcecode.c.h; path = "NSDictionary+DCTExtras.h"; sourceTree = "<group>"; };
		245CD7E91324F7510018DE39 /* NSDictionary+DCTExtras.m */ = {isa = PBXFileReference; fileEncoding = 4; lastKnownFileType = sourcecode.c.objc; path = "NSDictionary+DCTExtras.m"; sourceTree = "<group>"; };
		245CD7EA1324F7510018DE39 /* NSError+DCTExtensions.h */ = {isa = PBXFileReference; fileEncoding = 4; lastKnownFileType = sourcecode.c.h; path = "NSError+DCTExtensions.h"; sourceTree = "<group>"; };
		245CD7EB1324F7510018DE39 /* NSError+DCTExtensions.m */ = {isa = PBXFileReference; fileEncoding = 4; lastKnownFileType = sourcecode.c.objc; path = "NSError+DCTExtensions.m"; sourceTree = "<group>"; };
		245CD7EC1324F7510018DE39 /* NSMutableArray+DCTExtras.h */ = {isa = PBXFileReference; fileEncoding = 4; lastKnownFileType = sourcecode.c.h; path = "NSMutableArray+DCTExtras.h"; sourceTree = "<group>"; };
		245CD7ED1324F7510018DE39 /* NSMutableArray+DCTExtras.m */ = {isa = PBXFileReference; fileEncoding = 4; lastKnownFileType = sourcecode.c.objc; path = "NSMutableArray+DCTExtras.m"; sourceTree = "<group>"; };
		245CD7EE1324F7510018DE39 /* NSMutableSet+DCTExtras.h */ = {isa = PBXFileReference; fileEncoding = 4; lastKnownFileType = sourcecode.c.h; path = "NSMutableSet+DCTExtras.h"; sourceTree = "<group>"; };
		245CD7EF1324F7510018DE39 /* NSMutableSet+DCTExtras.m */ = {isa = PBXFileReference; fileEncoding = 4; lastKnownFileType = sourcecode.c.objc; path = "NSMutableSet+DCTExtras.m"; sourceTree = "<group>"; };
		245CD7F01324F7510018DE39 /* NSObject+DCTKVOExtras.h */ = {isa = PBXFileReference; fileEncoding = 4; lastKnownFileType = sourcecode.c.h; path = "NSObject+DCTKVOExtras.h"; sourceTree = "<group>"; };
		245CD7F11324F7510018DE39 /* NSObject+DCTKVOExtras.m */ = {isa = PBXFileReference; fileEncoding = 4; lastKnownFileType = sourcecode.c.objc; path = "NSObject+DCTKVOExtras.m"; sourceTree = "<group>"; };
		245CD7F21324F7510018DE39 /* NSObject+DCTPerformSelector.h */ = {isa = PBXFileReference; fileEncoding = 4; lastKnownFileType = sourcecode.c.h; path = "NSObject+DCTPerformSelector.h"; sourceTree = "<group>"; };
		245CD7F31324F7510018DE39 /* NSObject+DCTPerformSelector.m */ = {isa = PBXFileReference; fileEncoding = 4; lastKnownFileType = sourcecode.c.objc; path = "NSObject+DCTPerformSelector.m"; sourceTree = "<group>"; };
		245CD8421324F7800018DE39 /* NSData+Base64.h */ = {isa = PBXFileReference; fileEncoding = 4; lastKnownFileType = sourcecode.c.h; path = "NSData+Base64.h"; sourceTree = "<group>"; };
		245CD8431324F7800018DE39 /* NSData+Base64.m */ = {isa = PBXFileReference; fileEncoding = 4; lastKnownFileType = sourcecode.c.objc; path = "NSData+Base64.m"; sourceTree = "<group>"; };
		245CD8441324F7800018DE39 /* NSString+DCTURLEncoding.h */ = {isa = PBXFileReference; fileEncoding = 4; lastKnownFileType = sourcecode.c.h; path = "NSString+DCTURLEncoding.h"; sourceTree = "<group>"; };
		245CD8451324F7800018DE39 /* NSString+DCTURLEncoding.m */ = {isa = PBXFileReference; fileEncoding = 4; lastKnownFileType = sourcecode.c.objc; path = "NSString+DCTURLEncoding.m"; sourceTree = "<group>"; };
		245CD8471324F7800018DE39 /* DCTRequestConnectionController.h */ = {isa = PBXFileReference; fileEncoding = 4; lastKnownFileType = sourcecode.c.h; path = DCTRequestConnectionController.h; sourceTree = "<group>"; };
		245CD8481324F7800018DE39 /* DCTRequestConnectionController.m */ = {isa = PBXFileReference; fileEncoding = 4; lastKnownFileType = sourcecode.c.objc; path = DCTRequestConnectionController.m; sourceTree = "<group>"; };
		245CD8491324F7800018DE39 /* DCTURLConnectionController.h */ = {isa = PBXFileReference; fileEncoding = 4; lastKnownFileType = sourcecode.c.h; path = DCTURLConnectionController.h; sourceTree = "<group>"; };
		245CD84A1324F7800018DE39 /* DCTURLConnectionController.m */ = {isa = PBXFileReference; fileEncoding = 4; lastKnownFileType = sourcecode.c.objc; path = DCTURLConnectionController.m; sourceTree = "<group>"; };
		245CD84B1324F7800018DE39 /* DCTConnectionController+Equality.h */ = {isa = PBXFileReference; fileEncoding = 4; lastKnownFileType = sourcecode.c.h; path = "DCTConnectionController+Equality.h"; sourceTree = "<group>"; };
		245CD84C1324F7800018DE39 /* DCTConnectionController+Equality.m */ = {isa = PBXFileReference; fileEncoding = 4; lastKnownFileType = sourcecode.c.objc; path = "DCTConnectionController+Equality.m"; sourceTree = "<group>"; };
		245CD84D1324F7800018DE39 /* DCTConnectionController.h */ = {isa = PBXFileReference; fileEncoding = 4; lastKnownFileType = sourcecode.c.h; path = DCTConnectionController.h; sourceTree = "<group>"; };
		245CD84E1324F7800018DE39 /* DCTConnectionController.m */ = {isa = PBXFileReference; fileEncoding = 4; lastKnownFileType = sourcecode.c.objc; path = DCTConnectionController.m; sourceTree = "<group>"; };
		245CD84F1324F7800018DE39 /* DCTConnectionQueue+Singleton.h */ = {isa = PBXFileReference; fileEncoding = 4; lastKnownFileType = sourcecode.c.h; path = "DCTConnectionQueue+Singleton.h"; sourceTree = "<group>"; };
		245CD8501324F7800018DE39 /* DCTConnectionQueue+Singleton.m */ = {isa = PBXFileReference; fileEncoding = 4; lastKnownFileType = sourcecode.c.objc; path = "DCTConnectionQueue+Singleton.m"; sourceTree = "<group>"; };
		245CD8511324F7800018DE39 /* DCTConnectionQueue.h */ = {isa = PBXFileReference; fileEncoding = 4; lastKnownFileType = sourcecode.c.h; path = DCTConnectionQueue.h; sourceTree = "<group>"; };
		245CD8521324F7800018DE39 /* DCTConnectionQueue.m */ = {isa = PBXFileReference; fileEncoding = 4; lastKnownFileType = sourcecode.c.objc; path = DCTConnectionQueue.m; sourceTree = "<group>"; };
		245CD8541324F7800018DE39 /* DCTRESTController.h */ = {isa = PBXFileReference; fileEncoding = 4; lastKnownFileType = sourcecode.c.h; path = DCTRESTController.h; sourceTree = "<group>"; };
		245CD8551324F7800018DE39 /* DCTRESTController.m */ = {isa = PBXFileReference; fileEncoding = 4; lastKnownFileType = sourcecode.c.objc; path = DCTRESTController.m; sourceTree = "<group>"; };
		245CD8561324F7800018DE39 /* DCTURLConnection.h */ = {isa = PBXFileReference; fileEncoding = 4; lastKnownFileType = sourcecode.c.h; path = DCTURLConnection.h; sourceTree = "<group>"; };
		245CD8571324F7800018DE39 /* DCTURLConnection.m */ = {isa = PBXFileReference; fileEncoding = 4; lastKnownFileType = sourcecode.c.objc; path = DCTURLConnection.m; sourceTree = "<group>"; };
		245CD8591324F7800018DE39 /* DCTConnectionQueue+UIKitAdditions.h */ = {isa = PBXFileReference; fileEncoding = 4; lastKnownFileType = sourcecode.c.h; path = "DCTConnectionQueue+UIKitAdditions.h"; sourceTree = "<group>"; };
		245CD85A1324F7800018DE39 /* DCTConnectionQueue+UIKitAdditions.m */ = {isa = PBXFileReference; fileEncoding = 4; lastKnownFileType = sourcecode.c.objc; path = "DCTConnectionQueue+UIKitAdditions.m"; sourceTree = "<group>"; };
/* End PBXFileReference section */

/* Begin PBXFrameworksBuildPhase section */
		245CD78A1324F2CD0018DE39 /* Frameworks */ = {
			isa = PBXFrameworksBuildPhase;
			buildActionMask = 2147483647;
			files = (
				245CD7921324F2CD0018DE39 /* UIKit.framework in Frameworks */,
				245CD7941324F2CD0018DE39 /* Foundation.framework in Frameworks */,
				245CD7961324F2CD0018DE39 /* CoreGraphics.framework in Frameworks */,
			);
			runOnlyForDeploymentPostprocessing = 0;
		};
/* End PBXFrameworksBuildPhase section */

/* Begin PBXGroup section */
		245CD7821324F2CD0018DE39 = {
			isa = PBXGroup;
			children = (
				245CD7B41324F7510018DE39 /* DCTFoundation */,
				245CD8181324F7800018DE39 /* DCTConnectionController */,
				245CD7971324F2CD0018DE39 /* Classes */,
				245CD7901324F2CD0018DE39 /* Frameworks */,
				245CD78E1324F2CD0018DE39 /* Products */,
			);
			sourceTree = "<group>";
		};
		245CD78E1324F2CD0018DE39 /* Products */ = {
			isa = PBXGroup;
			children = (
				245CD78D1324F2CD0018DE39 /* DCTGravatar.app */,
			);
			name = Products;
			sourceTree = "<group>";
		};
		245CD7901324F2CD0018DE39 /* Frameworks */ = {
			isa = PBXGroup;
			children = (
				245CD7911324F2CD0018DE39 /* UIKit.framework */,
				245CD7931324F2CD0018DE39 /* Foundation.framework */,
				245CD7951324F2CD0018DE39 /* CoreGraphics.framework */,
			);
			name = Frameworks;
			sourceTree = "<group>";
		};
		245CD7971324F2CD0018DE39 /* Classes */ = {
			isa = PBXGroup;
			children = (
				245CD7A01324F2CD0018DE39 /* DCTGravatarAppDelegate.h */,
				245CD7A11324F2CD0018DE39 /* DCTGravatarAppDelegate.m */,
				245CD7A31324F2CD0018DE39 /* MainWindow.xib */,
				245CD7981324F2CD0018DE39 /* Supporting Files */,
			);
			path = Classes;
			sourceTree = "<group>";
		};
		245CD7981324F2CD0018DE39 /* Supporting Files */ = {
			isa = PBXGroup;
			children = (
				245CD7991324F2CD0018DE39 /* DCTGravatar-Info.plist */,
				245CD79A1324F2CD0018DE39 /* InfoPlist.strings */,
				245CD79D1324F2CD0018DE39 /* DCTGravatar-Prefix.pch */,
				245CD79E1324F2CD0018DE39 /* main.m */,
			);
			name = "Supporting Files";
			sourceTree = "<group>";
		};
		245CD7B41324F7510018DE39 /* DCTFoundation */ = {
			isa = PBXGroup;
			children = (
				245CD7DC1324F7510018DE39 /* DCTBlock.h */,
				245CD7DD1324F7510018DE39 /* DCTBlock.m */,
				245CD7DE1324F7510018DE39 /* DCTObservationInfo.h */,
				245CD7DF1324F7510018DE39 /* DCTObservationInfo.m */,
				245CD7E01324F7510018DE39 /* DCTQueue.h */,
				245CD7E11324F7510018DE39 /* DCTQueue.m */,
				245CD7E21324F7510018DE39 /* DCTStack.h */,
				245CD7E31324F7510018DE39 /* DCTStack.m */,
				245CD7E41324F7510018DE39 /* NSArray+DCTExtras.h */,
				245CD7E51324F7510018DE39 /* NSArray+DCTExtras.m */,
				245CD7E61324F7510018DE39 /* NSDate+DCTDateComponents.h */,
				245CD7E71324F7510018DE39 /* NSDate+DCTDateComponents.m */,
				245CD7E81324F7510018DE39 /* NSDictionary+DCTExtras.h */,
				245CD7E91324F7510018DE39 /* NSDictionary+DCTExtras.m */,
				245CD7EA1324F7510018DE39 /* NSError+DCTExtensions.h */,
				245CD7EB1324F7510018DE39 /* NSError+DCTExtensions.m */,
				245CD7EC1324F7510018DE39 /* NSMutableArray+DCTExtras.h */,
				245CD7ED1324F7510018DE39 /* NSMutableArray+DCTExtras.m */,
				245CD7EE1324F7510018DE39 /* NSMutableSet+DCTExtras.h */,
				245CD7EF1324F7510018DE39 /* NSMutableSet+DCTExtras.m */,
				245CD7F01324F7510018DE39 /* NSObject+DCTKVOExtras.h */,
				245CD7F11324F7510018DE39 /* NSObject+DCTKVOExtras.m */,
				245CD7F21324F7510018DE39 /* NSObject+DCTPerformSelector.h */,
				245CD7F31324F7510018DE39 /* NSObject+DCTPerformSelector.m */,
			);
			path = DCTFoundation;
			sourceTree = "<group>";
		};
		245CD8181324F7800018DE39 /* DCTConnectionController */ = {
			isa = PBXGroup;
			children = (
				245CD8411324F7800018DE39 /* Categories */,
				245CD8461324F7800018DE39 /* Connection Controllers */,
				245CD84B1324F7800018DE39 /* DCTConnectionController+Equality.h */,
				245CD84C1324F7800018DE39 /* DCTConnectionController+Equality.m */,
				245CD84D1324F7800018DE39 /* DCTConnectionController.h */,
				245CD84E1324F7800018DE39 /* DCTConnectionController.m */,
				245CD84F1324F7800018DE39 /* DCTConnectionQueue+Singleton.h */,
				245CD8501324F7800018DE39 /* DCTConnectionQueue+Singleton.m */,
				245CD8511324F7800018DE39 /* DCTConnectionQueue.h */,
				245CD8521324F7800018DE39 /* DCTConnectionQueue.m */,
				245CD8531324F7800018DE39 /* DCTFoundation */,
				245CD8541324F7800018DE39 /* DCTRESTController.h */,
				245CD8551324F7800018DE39 /* DCTRESTController.m */,
				245CD8561324F7800018DE39 /* DCTURLConnection.h */,
				245CD8571324F7800018DE39 /* DCTURLConnection.m */,
				245CD8581324F7800018DE39 /* UIKit Additions */,
			);
			path = DCTConnectionController;
			sourceTree = "<group>";
		};
		245CD8411324F7800018DE39 /* Categories */ = {
			isa = PBXGroup;
			children = (
				245CD8421324F7800018DE39 /* NSData+Base64.h */,
				245CD8431324F7800018DE39 /* NSData+Base64.m */,
				245CD8441324F7800018DE39 /* NSString+DCTURLEncoding.h */,
				245CD8451324F7800018DE39 /* NSString+DCTURLEncoding.m */,
			);
			path = Categories;
			sourceTree = "<group>";
		};
		245CD8461324F7800018DE39 /* Connection Controllers */ = {
			isa = PBXGroup;
			children = (
				245CD8471324F7800018DE39 /* DCTRequestConnectionController.h */,
				245CD8481324F7800018DE39 /* DCTRequestConnectionController.m */,
				245CD8491324F7800018DE39 /* DCTURLConnectionController.h */,
				245CD84A1324F7800018DE39 /* DCTURLConnectionController.m */,
			);
			path = "Connection Controllers";
			sourceTree = "<group>";
		};
		245CD8531324F7800018DE39 /* DCTFoundation */ = {
			isa = PBXGroup;
			children = (
			);
			path = DCTFoundation;
			sourceTree = "<group>";
		};
		245CD8581324F7800018DE39 /* UIKit Additions */ = {
			isa = PBXGroup;
			children = (
				245CD8591324F7800018DE39 /* DCTConnectionQueue+UIKitAdditions.h */,
				245CD85A1324F7800018DE39 /* DCTConnectionQueue+UIKitAdditions.m */,
			);
			path = "UIKit Additions";
			sourceTree = "<group>";
		};
/* End PBXGroup section */

/* Begin PBXNativeTarget section */
		245CD78C1324F2CD0018DE39 /* DCTGravatar */ = {
			isa = PBXNativeTarget;
			buildConfigurationList = 245CD7A81324F2CD0018DE39 /* Build configuration list for PBXNativeTarget "DCTGravatar" */;
			buildPhases = (
				245CD7891324F2CD0018DE39 /* Sources */,
				245CD78A1324F2CD0018DE39 /* Frameworks */,
				245CD78B1324F2CD0018DE39 /* Resources */,
			);
			buildRules = (
			);
			dependencies = (
			);
			name = DCTGravatar;
			productName = DCTGravatar;
			productReference = 245CD78D1324F2CD0018DE39 /* DCTGravatar.app */;
			productType = "com.apple.product-type.application";
		};
/* End PBXNativeTarget section */

/* Begin PBXProject section */
		245CD7841324F2CD0018DE39 /* Project object */ = {
			isa = PBXProject;
			attributes = {
				ORGANIZATIONNAME = "Daniel Tull";
			};
			buildConfigurationList = 245CD7871324F2CD0018DE39 /* Build configuration list for PBXProject "DCTGravatar" */;
			compatibilityVersion = "Xcode 3.2";
			developmentRegion = English;
			hasScannedForEncodings = 0;
			knownRegions = (
				en,
			);
			mainGroup = 245CD7821324F2CD0018DE39;
			productRefGroup = 245CD78E1324F2CD0018DE39 /* Products */;
			projectDirPath = "";
			projectRoot = "";
			targets = (
				245CD78C1324F2CD0018DE39 /* DCTGravatar */,
			);
		};
/* End PBXProject section */

/* Begin PBXResourcesBuildPhase section */
		245CD78B1324F2CD0018DE39 /* Resources */ = {
			isa = PBXResourcesBuildPhase;
			buildActionMask = 2147483647;
			files = (
				245CD79C1324F2CD0018DE39 /* InfoPlist.strings in Resources */,
				245CD7A51324F2CD0018DE39 /* MainWindow.xib in Resources */,
			);
			runOnlyForDeploymentPostprocessing = 0;
		};
/* End PBXResourcesBuildPhase section */

/* Begin PBXSourcesBuildPhase section */
		245CD7891324F2CD0018DE39 /* Sources */ = {
			isa = PBXSourcesBuildPhase;
			buildActionMask = 2147483647;
			files = (
				245CD79F1324F2CD0018DE39 /* main.m in Sources */,
				245CD7A21324F2CD0018DE39 /* DCTGravatarAppDelegate.m in Sources */,
				245CD80C1324F7510018DE39 /* DCTBlock.m in Sources */,
				245CD80D1324F7510018DE39 /* DCTObservationInfo.m in Sources */,
				245CD80E1324F7510018DE39 /* DCTQueue.m in Sources */,
				245CD80F1324F7510018DE39 /* DCTStack.m in Sources */,
				245CD8101324F7510018DE39 /* NSArray+DCTExtras.m in Sources */,
				245CD8111324F7510018DE39 /* NSDate+DCTDateComponents.m in Sources */,
				245CD8121324F7510018DE39 /* NSDictionary+DCTExtras.m in Sources */,
				245CD8131324F7510018DE39 /* NSError+DCTExtensions.m in Sources */,
				245CD8141324F7510018DE39 /* NSMutableArray+DCTExtras.m in Sources */,
				245CD8151324F7510018DE39 /* NSMutableSet+DCTExtras.m in Sources */,
				245CD8161324F7510018DE39 /* NSObject+DCTKVOExtras.m in Sources */,
				245CD8171324F7510018DE39 /* NSObject+DCTPerformSelector.m in Sources */,
				245CD8741324F7800018DE39 /* NSData+Base64.m in Sources */,
				245CD8751324F7800018DE39 /* NSString+DCTURLEncoding.m in Sources */,
				245CD8761324F7800018DE39 /* DCTRequestConnectionController.m in Sources */,
				245CD8771324F7800018DE39 /* DCTURLConnectionController.m in Sources */,
				245CD8781324F7800018DE39 /* DCTConnectionController+Equality.m in Sources */,
				245CD8791324F7800018DE39 /* DCTConnectionController.m in Sources */,
				245CD87A1324F7800018DE39 /* DCTConnectionQueue+Singleton.m in Sources */,
				245CD87B1324F7800018DE39 /* DCTConnectionQueue.m in Sources */,
				245CD87C1324F7800018DE39 /* DCTRESTController.m in Sources */,
				245CD87D1324F7800018DE39 /* DCTURLConnection.m in Sources */,
				245CD87E1324F7800018DE39 /* DCTConnectionQueue+UIKitAdditions.m in Sources */,
			);
			runOnlyForDeploymentPostprocessing = 0;
		};
/* End PBXSourcesBuildPhase section */

/* Begin PBXVariantGroup section */
		245CD79A1324F2CD0018DE39 /* InfoPlist.strings */ = {
			isa = PBXVariantGroup;
			children = (
				245CD79B1324F2CD0018DE39 /* en */,
			);
			name = InfoPlist.strings;
			sourceTree = "<group>";
		};
		245CD7A31324F2CD0018DE39 /* MainWindow.xib */ = {
			isa = PBXVariantGroup;
			children = (
				245CD7A41324F2CD0018DE39 /* en */,
			);
			name = MainWindow.xib;
			sourceTree = "<group>";
		};
/* End PBXVariantGroup section */

/* Begin XCBuildConfiguration section */
		245CD7A61324F2CD0018DE39 /* Debug */ = {
			isa = XCBuildConfiguration;
			buildSettings = {
				ARCHS = "$(ARCHS_STANDARD_32_BIT)";
				"CODE_SIGN_IDENTITY[sdk=iphoneos*]" = "iPhone Developer";
				GCC_C_LANGUAGE_STANDARD = gnu99;
				GCC_OPTIMIZATION_LEVEL = 0;
				GCC_PREPROCESSOR_DEFINITIONS = DEBUG;
				GCC_SYMBOLS_PRIVATE_EXTERN = NO;
				GCC_VERSION = com.apple.compilers.llvmgcc42;
				GCC_WARN_ABOUT_RETURN_TYPE = YES;
				GCC_WARN_UNUSED_VARIABLE = YES;
				IPHONEOS_DEPLOYMENT_TARGET = 4.3;
				SDKROOT = iphoneos;
			};
			name = Debug;
		};
		245CD7A71324F2CD0018DE39 /* Release */ = {
			isa = XCBuildConfiguration;
			buildSettings = {
				ARCHS = "$(ARCHS_STANDARD_32_BIT)";
				"CODE_SIGN_IDENTITY[sdk=iphoneos*]" = "iPhone Developer";
				GCC_C_LANGUAGE_STANDARD = gnu99;
				GCC_VERSION = com.apple.compilers.llvmgcc42;
				GCC_WARN_ABOUT_RETURN_TYPE = YES;
				GCC_WARN_UNUSED_VARIABLE = YES;
				IPHONEOS_DEPLOYMENT_TARGET = 4.3;
				OTHER_CFLAGS = "-DNS_BLOCK_ASSERTIONS=1";
				SDKROOT = iphoneos;
			};
			name = Release;
		};
		245CD7A91324F2CD0018DE39 /* Debug */ = {
			isa = XCBuildConfiguration;
			buildSettings = {
				ALWAYS_SEARCH_USER_PATHS = NO;
				COPY_PHASE_STRIP = NO;
				GCC_DYNAMIC_NO_PIC = NO;
				GCC_PRECOMPILE_PREFIX_HEADER = YES;
				GCC_PREFIX_HEADER = "Classes/DCTGravatar-Prefix.pch";
				INFOPLIST_FILE = "Classes/DCTGravatar-Info.plist";
				PRODUCT_NAME = "$(TARGET_NAME)";
				WRAPPER_EXTENSION = app;
			};
			name = Debug;
		};
		245CD7AA1324F2CD0018DE39 /* Release */ = {
			isa = XCBuildConfiguration;
			buildSettings = {
				ALWAYS_SEARCH_USER_PATHS = NO;
				COPY_PHASE_STRIP = YES;
				GCC_PRECOMPILE_PREFIX_HEADER = YES;
				GCC_PREFIX_HEADER = "Classes/DCTGravatar-Prefix.pch";
				INFOPLIST_FILE = "Classes/DCTGravatar-Info.plist";
				PRODUCT_NAME = "$(TARGET_NAME)";
				VALIDATE_PRODUCT = YES;
				WRAPPER_EXTENSION = app;
			};
			name = Release;
		};
/* End XCBuildConfiguration section */

/* Begin XCConfigurationList section */
		245CD7871324F2CD0018DE39 /* Build configuration list for PBXProject "DCTGravatar" */ = {
			isa = XCConfigurationList;
			buildConfigurations = (
				245CD7A61324F2CD0018DE39 /* Debug */,
				245CD7A71324F2CD0018DE39 /* Release */,
			);
			defaultConfigurationIsVisible = 0;
			defaultConfigurationName = Release;
		};
		245CD7A81324F2CD0018DE39 /* Build configuration list for PBXNativeTarget "DCTGravatar" */ = {
			isa = XCConfigurationList;
			buildConfigurations = (
				245CD7A91324F2CD0018DE39 /* Debug */,
				245CD7AA1324F2CD0018DE39 /* Release */,
			);
			defaultConfigurationIsVisible = 0;
			defaultConfigurationName = Release;
		};
/* End XCConfigurationList section */
	};
	rootObject = 245CD7841324F2CD0018DE39 /* Project object */;
}
